
Microsoft Visual Studio Solution File, Format Version 12.00
# Visual Studio Version 16
VisualStudioVersion = 16.0.31410.357
MinimumVisualStudioVersion = 10.0.40219.1
Project("{FAE04EC0-301F-11D3-BF4B-00C04F79EFBC}") = "Independent Contractors", "Independent Contractors.csproj", "{F3BB39F4-B364-4659-94DD-BCD5CA04BC0A}"
EndProject
Global
	GlobalSection(SolutionConfigurationPlatforms) = preSolution
		Debug|Any CPU = Debug|Any CPU
		Release|Any CPU = Release|Any CPU
	EndGlobalSection
	GlobalSection(ProjectConfigurationPlatforms) = postSolution
		{F3BB39F4-B364-4659-94DD-BCD5CA04BC0A}.Debug|Any CPU.ActiveCfg = Debug|Any CPU
		{F3BB39F4-B364-4659-94DD-BCD5CA04BC0A}.Debug|Any CPU.Build.0 = Debug|Any CPU
		{F3BB39F4-B364-4659-94DD-BCD5CA04BC0A}.Release|Any CPU.ActiveCfg = Release|Any CPU
		{F3BB39F4-B364-4659-94DD-BCD5CA04BC0A}.Release|Any CPU.Build.0 = Release|Any CPU
	EndGlobalSection
	GlobalSection(SolutionProperties) = preSolution
		HideSolutionNode = FALSE
	EndGlobalSection
	GlobalSection(ExtensibilityGlobals) = postSolution
		SolutionGuid = {FC3AAC07-D3E9-4B28-AC4F-7E92996F442F}
	EndGlobalSection
EndGlobal
